
Microsoft Visual Studio Solution File, Format Version 12.00
# Visual Studio Version 17
VisualStudioVersion = 17.1.32319.34
MinimumVisualStudioVersion = 10.0.40219.1
Project("{FAE04EC0-301F-11D3-BF4B-00C04F79EFBC}") = "Examen3_Blazor", "Examen3_Blazor\Examen3_Blazor.csproj", "{9AB042B6-0A5D-4F52-A17D-7D0FECE63E26}"
EndProject
Project("{FAE04EC0-301F-11D3-BF4B-00C04F79EFBC}") = "Modelos", "Modelos\Modelos.csproj", "{97804827-47EE-435A-A718-2D241274A7D2}"
EndProject
Project("{FAE04EC0-301F-11D3-BF4B-00C04F79EFBC}") = "Datos", "Datos\Datos.csproj", "{63F96CF0-AE92-4368-BAA7-15B7A2231081}"
EndProject
Global
	GlobalSection(SolutionConfigurationPlatforms) = preSolution
		Debug|Any CPU = Debug|Any CPU
		Release|Any CPU = Release|Any CPU
	EndGlobalSection
	GlobalSection(ProjectConfigurationPlatforms) = postSolution
		{9AB042B6-0A5D-4F52-A17D-7D0FECE63E26}.Debug|Any CPU.ActiveCfg = Debug|Any CPU
		{9AB042B6-0A5D-4F52-A17D-7D0FECE63E26}.Debug|Any CPU.Build.0 = Debug|Any CPU
		{9AB042B6-0A5D-4F52-A17D-7D0FECE63E26}.Release|Any CPU.ActiveCfg = Release|Any CPU
		{9AB042B6-0A5D-4F52-A17D-7D0FECE63E26}.Release|Any CPU.Build.0 = Release|Any CPU
		{97804827-47EE-435A-A718-2D241274A7D2}.Debug|Any CPU.ActiveCfg = Debug|Any CPU
		{97804827-47EE-435A-A718-2D241274A7D2}.Debug|Any CPU.Build.0 = Debug|Any CPU
		{97804827-47EE-435A-A718-2D241274A7D2}.Release|Any CPU.ActiveCfg = Release|Any CPU
		{97804827-47EE-435A-A718-2D241274A7D2}.Release|Any CPU.Build.0 = Release|Any CPU
		{63F96CF0-AE92-4368-BAA7-15B7A2231081}.Debug|Any CPU.ActiveCfg = Debug|Any CPU
		{63F96CF0-AE92-4368-BAA7-15B7A2231081}.Debug|Any CPU.Build.0 = Debug|Any CPU
		{63F96CF0-AE92-4368-BAA7-15B7A2231081}.Release|Any CPU.ActiveCfg = Release|Any CPU
		{63F96CF0-AE92-4368-BAA7-15B7A2231081}.Release|Any CPU.Build.0 = Release|Any CPU
	EndGlobalSection
	GlobalSection(SolutionProperties) = preSolution
		HideSolutionNode = FALSE
	EndGlobalSection
	GlobalSection(ExtensibilityGlobals) = postSolution
		SolutionGuid = {12C89EFA-6127-49BD-9546-B526B069197D}
	EndGlobalSection
EndGlobal
